
Microsoft Visual Studio Solution File, Format Version 12.00
# Visual Studio Version 16
VisualStudioVersion = 16.0.30907.101
MinimumVisualStudioVersion = 10.0.40219.1
Project("{FAE04EC0-301F-11D3-BF4B-00C04F79EFBC}") = "postgresconnection", "postgresconnection\postgresconnection.csproj", "{BD63572C-706F-40BF-A84B-7256F2546439}"
EndProject
Global
	GlobalSection(SolutionConfigurationPlatforms) = preSolution
		Debug|Any CPU = Debug|Any CPU
		Release|Any CPU = Release|Any CPU
	EndGlobalSection
	GlobalSection(ProjectConfigurationPlatforms) = postSolution
		{BD63572C-706F-40BF-A84B-7256F2546439}.Debug|Any CPU.ActiveCfg = Debug|Any CPU
		{BD63572C-706F-40BF-A84B-7256F2546439}.Debug|Any CPU.Build.0 = Debug|Any CPU
		{BD63572C-706F-40BF-A84B-7256F2546439}.Release|Any CPU.ActiveCfg = Release|Any CPU
		{BD63572C-706F-40BF-A84B-7256F2546439}.Release|Any CPU.Build.0 = Release|Any CPU
	EndGlobalSection
	GlobalSection(SolutionProperties) = preSolution
		HideSolutionNode = FALSE
	EndGlobalSection
	GlobalSection(ExtensibilityGlobals) = postSolution
		SolutionGuid = {C555A907-7639-40D5-BEA1-B4198EC979F7}
	EndGlobalSection
EndGlobal
